
Microsoft Visual Studio Solution File, Format Version 12.00
# Visual Studio Version 17
VisualStudioVersion = 17.14.36511.14 d17.14
MinimumVisualStudioVersion = 10.0.40219.1
Project("{8BC9CEB8-8B4A-11D0-8D11-00A0C91BC942}") = "Proy_Mate_Discreta", "Proy_Mate_Discreta.vcxproj", "{00CD43E9-1CE0-437A-80EE-3525B5EADF8D}"
EndProject
Global
	GlobalSection(SolutionConfigurationPlatforms) = preSolution
		Debug|x64 = Debug|x64
		Debug|x86 = Debug|x86
		Release|x64 = Release|x64
		Release|x86 = Release|x86
	EndGlobalSection
	GlobalSection(ProjectConfigurationPlatforms) = postSolution
		{00CD43E9-1CE0-437A-80EE-3525B5EADF8D}.Debug|x64.ActiveCfg = Debug|x64
		{00CD43E9-1CE0-437A-80EE-3525B5EADF8D}.Debug|x64.Build.0 = Debug|x64
		{00CD43E9-1CE0-437A-80EE-3525B5EADF8D}.Debug|x86.ActiveCfg = Debug|Win32
		{00CD43E9-1CE0-437A-80EE-3525B5EADF8D}.Debug|x86.Build.0 = Debug|Win32
		{00CD43E9-1CE0-437A-80EE-3525B5EADF8D}.Release|x64.ActiveCfg = Release|x64
		{00CD43E9-1CE0-437A-80EE-3525B5EADF8D}.Release|x64.Build.0 = Release|x64
		{00CD43E9-1CE0-437A-80EE-3525B5EADF8D}.Release|x86.ActiveCfg = Release|Win32
		{00CD43E9-1CE0-437A-80EE-3525B5EADF8D}.Release|x86.Build.0 = Release|Win32
	EndGlobalSection
	GlobalSection(SolutionProperties) = preSolution
		HideSolutionNode = FALSE
	EndGlobalSection
	GlobalSection(ExtensibilityGlobals) = postSolution
		SolutionGuid = {D36BC67B-B12A-4B05-9926-64E8A693FBB7}
	EndGlobalSection
EndGlobal
